
Microsoft Visual Studio Solution File, Format Version 12.00
# Visual Studio 15
VisualStudioVersion = 15.0.28307.1800
MinimumVisualStudioVersion = 10.0.40219.1
Project("{FAE04EC0-301F-11D3-BF4B-00C04F79EFBC}") = "class1", "class1\class1.csproj", "{7D70B379-4ED6-44BE-8D03-9331866B534D}"
EndProject
Project("{FAE04EC0-301F-11D3-BF4B-00C04F79EFBC}") = "Class1.Domain", "Class1.Domain\Class1.Domain.csproj", "{B200EBB0-0DF0-4045-AE12-E69958D93937}"
EndProject
Global
	GlobalSection(SolutionConfigurationPlatforms) = preSolution
		Debug|Any CPU = Debug|Any CPU
		Release|Any CPU = Release|Any CPU
	EndGlobalSection
	GlobalSection(ProjectConfigurationPlatforms) = postSolution
		{7D70B379-4ED6-44BE-8D03-9331866B534D}.Debug|Any CPU.ActiveCfg = Debug|Any CPU
		{7D70B379-4ED6-44BE-8D03-9331866B534D}.Debug|Any CPU.Build.0 = Debug|Any CPU
		{7D70B379-4ED6-44BE-8D03-9331866B534D}.Release|Any CPU.ActiveCfg = Release|Any CPU
		{7D70B379-4ED6-44BE-8D03-9331866B534D}.Release|Any CPU.Build.0 = Release|Any CPU
		{B200EBB0-0DF0-4045-AE12-E69958D93937}.Debug|Any CPU.ActiveCfg = Debug|Any CPU
		{B200EBB0-0DF0-4045-AE12-E69958D93937}.Debug|Any CPU.Build.0 = Debug|Any CPU
		{B200EBB0-0DF0-4045-AE12-E69958D93937}.Release|Any CPU.ActiveCfg = Release|Any CPU
		{B200EBB0-0DF0-4045-AE12-E69958D93937}.Release|Any CPU.Build.0 = Release|Any CPU
	EndGlobalSection
	GlobalSection(SolutionProperties) = preSolution
		HideSolutionNode = FALSE
	EndGlobalSection
	GlobalSection(ExtensibilityGlobals) = postSolution
		SolutionGuid = {4457EE9C-907C-469B-9D59-CCD101515C74}
	EndGlobalSection
EndGlobal
